
Microsoft Visual Studio Solution File, Format Version 12.00
# Visual Studio Version 17
VisualStudioVersion = 17.0.32014.148
MinimumVisualStudioVersion = 10.0.40219.1
Project("{9A19103F-16F7-4668-BE54-9A1E7A4F7556}") = "NSDGenerator.Server", "NSDGenerator\Server\NSDGenerator.Server.csproj", "{DF6D150E-B6C1-46DD-B154-20FBC7159C16}"
EndProject
Project("{9A19103F-16F7-4668-BE54-9A1E7A4F7556}") = "NSDGenerator.Client", "NSDGenerator\Client\NSDGenerator.Client.csproj", "{B8DA5533-B760-4303-86F2-F8A9B6BB8602}"
EndProject
Project("{9A19103F-16F7-4668-BE54-9A1E7A4F7556}") = "NSDGenerator.Shared", "NSDGenerator\Shared\NSDGenerator.Shared.csproj", "{A9CCB758-F7EA-45B3-BA3B-15BAA6695E84}"
EndProject
Project("{2150E333-8FDC-42A3-9474-1A3956D46DE8}") = "Tests", "Tests", "{7415C23A-7A32-4A1C-8EB3-56086CC0CDB6}"
EndProject
Project("{9A19103F-16F7-4668-BE54-9A1E7A4F7556}") = "NSDGenerator.Server.Tests", "NSDGenerator\Tests\NSDGenerator.Server.Tests\NSDGenerator.Server.Tests.csproj", "{D99C39FA-24B9-40CD-8DF2-840C47C062BC}"
EndProject
Project("{FAE04EC0-301F-11D3-BF4B-00C04F79EFBC}") = "NSDGenerator.Client.Tests", "NSDGenerator\Tests\NSDGenerator.Client.Tests\NSDGenerator.Client.Tests.csproj", "{FDF43E8C-C2A0-417C-AA12-089E7D6A9FB9}"
EndProject
Global
	GlobalSection(SolutionConfigurationPlatforms) = preSolution
		Debug|Any CPU = Debug|Any CPU
		Release|Any CPU = Release|Any CPU
	EndGlobalSection
	GlobalSection(ProjectConfigurationPlatforms) = postSolution
		{DF6D150E-B6C1-46DD-B154-20FBC7159C16}.Debug|Any CPU.ActiveCfg = Debug|Any CPU
		{DF6D150E-B6C1-46DD-B154-20FBC7159C16}.Debug|Any CPU.Build.0 = Debug|Any CPU
		{DF6D150E-B6C1-46DD-B154-20FBC7159C16}.Release|Any CPU.ActiveCfg = Release|Any CPU
		{DF6D150E-B6C1-46DD-B154-20FBC7159C16}.Release|Any CPU.Build.0 = Release|Any CPU
		{B8DA5533-B760-4303-86F2-F8A9B6BB8602}.Debug|Any CPU.ActiveCfg = Debug|Any CPU
		{B8DA5533-B760-4303-86F2-F8A9B6BB8602}.Debug|Any CPU.Build.0 = Debug|Any CPU
		{B8DA5533-B760-4303-86F2-F8A9B6BB8602}.Release|Any CPU.ActiveCfg = Release|Any CPU
		{B8DA5533-B760-4303-86F2-F8A9B6BB8602}.Release|Any CPU.Build.0 = Release|Any CPU
		{A9CCB758-F7EA-45B3-BA3B-15BAA6695E84}.Debug|Any CPU.ActiveCfg = Debug|Any CPU
		{A9CCB758-F7EA-45B3-BA3B-15BAA6695E84}.Debug|Any CPU.Build.0 = Debug|Any CPU
		{A9CCB758-F7EA-45B3-BA3B-15BAA6695E84}.Release|Any CPU.ActiveCfg = Release|Any CPU
		{A9CCB758-F7EA-45B3-BA3B-15BAA6695E84}.Release|Any CPU.Build.0 = Release|Any CPU
		{D99C39FA-24B9-40CD-8DF2-840C47C062BC}.Debug|Any CPU.ActiveCfg = Debug|Any CPU
		{D99C39FA-24B9-40CD-8DF2-840C47C062BC}.Debug|Any CPU.Build.0 = Debug|Any CPU
		{D99C39FA-24B9-40CD-8DF2-840C47C062BC}.Release|Any CPU.ActiveCfg = Release|Any CPU
		{D99C39FA-24B9-40CD-8DF2-840C47C062BC}.Release|Any CPU.Build.0 = Release|Any CPU
		{FDF43E8C-C2A0-417C-AA12-089E7D6A9FB9}.Debug|Any CPU.ActiveCfg = Debug|Any CPU
		{FDF43E8C-C2A0-417C-AA12-089E7D6A9FB9}.Debug|Any CPU.Build.0 = Debug|Any CPU
		{FDF43E8C-C2A0-417C-AA12-089E7D6A9FB9}.Release|Any CPU.ActiveCfg = Release|Any CPU
		{FDF43E8C-C2A0-417C-AA12-089E7D6A9FB9}.Release|Any CPU.Build.0 = Release|Any CPU
	EndGlobalSection
	GlobalSection(SolutionProperties) = preSolution
		HideSolutionNode = FALSE
	EndGlobalSection
	GlobalSection(NestedProjects) = preSolution
		{D99C39FA-24B9-40CD-8DF2-840C47C062BC} = {7415C23A-7A32-4A1C-8EB3-56086CC0CDB6}
		{FDF43E8C-C2A0-417C-AA12-089E7D6A9FB9} = {7415C23A-7A32-4A1C-8EB3-56086CC0CDB6}
	EndGlobalSection
	GlobalSection(ExtensibilityGlobals) = postSolution
		SolutionGuid = {0FCEBCCC-04E6-4AC3-9456-AE5280E54425}
	EndGlobalSection
EndGlobal
